<?xml version="1.0" encoding="utf-8"?>
<Project ToolsVersion="4.0" xmlns="http://schemas.microsoft.com/developer/msbuild/2003">
  <ItemGroup>
    <ClInclude Include="Program.h" />
    <ClInclude Include="stdafx.h" />
    <ClInclude Include="targetver.h" />
    <ClInclude Include="Systems\Window.h">
      <Filter>Systems</Filter>
    </ClInclude>
  </ItemGroup>
  <ItemGroup>
    <ClCompile Include="Main.cpp" />
    <ClCompile Include="Program.cpp" />
    <ClCompile Include="stdafx.cpp" />
    <ClCompile Include="Systems\Window.cpp">
      <Filter>Systems</Filter>
    </ClCompile>
  </ItemGroup>
  <ItemGroup>
    <Filter Include="Systems">
      <UniqueIdentifier>{b1d4bfe4-f347-4ae7-8734-ffa782386f67}</UniqueIdentifier>
    </Filter>
    <Filter Include="Utillities">
      <UniqueIdentifier>{87739248-232d-4942-a12c-d094f9347942}</UniqueIdentifier>
    </Filter>
  </ItemGroup>
</Project>